// !$*UTF8*$!
{
	archiveVersion = 1;
	classes = {
	};
	objectVersion = 46;
	objects = {

/* Begin PBXBuildFile section */
		7B7660831BD24A5D0083EFCF /* AppDelegate.swift in Sources */ = {isa = PBXBuildFile; fileRef = 7B7660821BD24A5D0083EFCF /* AppDelegate.swift */; };
		7B7660851BD24A5D0083EFCF /* ViewController.swift in Sources */ = {isa = PBXBuildFile; fileRef = 7B7660841BD24A5D0083EFCF /* ViewController.swift */; };
		7B7660881BD24A5D0083EFCF /* Main.storyboard in Resources */ = {isa = PBXBuildFile; fileRef = 7B7660861BD24A5D0083EFCF /* Main.storyboard */; };
		7B76608A1BD24A5D0083EFCF /* Assets.xcassets in Resources */ = {isa = PBXBuildFile; fileRef = 7B7660891BD24A5D0083EFCF /* Assets.xcassets */; };
		7B76608D1BD24A5D0083EFCF /* LaunchScreen.storyboard in Resources */ = {isa = PBXBuildFile; fileRef = 7B76608B1BD24A5D0083EFCF /* LaunchScreen.storyboard */; };
		7B7660971BD2595A0083EFCF /* EstimoteSDK.framework in Frameworks */ = {isa = PBXBuildFile; fileRef = 7B7660961BD2595A0083EFCF /* EstimoteSDK.framework */; settings = {ASSET_TAGS = (); }; };
/* End PBXBuildFile section */

/* Begin PBXFileReference section */
		7B76607F1BD24A5D0083EFCF /* Airport.app */ = {isa = PBXFileReference; explicitFileType = wrapper.application; includeInIndex = 0; path = Airport.app; sourceTree = BUILT_PRODUCTS_DIR; };
		7B7660821BD24A5D0083EFCF /* AppDelegate.swift */ = {isa = PBXFileReference; lastKnownFileType = sourcecode.swift; path = AppDelegate.swift; sourceTree = "<group>"; };
		7B7660841BD24A5D0083EFCF /* ViewController.swift */ = {isa = PBXFileReference; lastKnownFileType = sourcecode.swift; path = ViewController.swift; sourceTree = "<group>"; };
		7B7660871BD24A5D0083EFCF /* Base */ = {isa = PBXFileReference; lastKnownFileType = file.storyboard; name = Base; path = Base.lproj/Main.storyboard; sourceTree = "<group>"; };
		7B7660891BD24A5D0083EFCF /* Assets.xcassets */ = {isa = PBXFileReference; lastKnownFileType = folder.assetcatalog; path = Assets.xcassets; sourceTree = "<group>"; };
		7B76608C1BD24A5D0083EFCF /* Base */ = {isa = PBXFileReference; lastKnownFileType = file.storyboard; name = Base; path = Base.lproj/LaunchScreen.storyboard; sourceTree = "<group>"; };
		7B76608E1BD24A5D0083EFCF /* Info.plist */ = {isa = PBXFileReference; lastKnownFileType = text.plist.xml; path = Info.plist; sourceTree = "<group>"; };
		7B7660951BD24C0A0083EFCF /* ObjCBridge.h */ = {isa = PBXFileReference; lastKnownFileType = sourcecode.c.h; path = ObjCBridge.h; sourceTree = "<group>"; };
		7B7660961BD2595A0083EFCF /* EstimoteSDK.framework */ = {isa = PBXFileReference; lastKnownFileType = wrapper.framework; path = EstimoteSDK.framework; sourceTree = "<group>"; };
/* End PBXFileReference section */

/* Begin PBXFrameworksBuildPhase section */
		7B76607C1BD24A5D0083EFCF /* Frameworks */ = {
			isa = PBXFrameworksBuildPhase;
			buildActionMask = 2147483647;
			files = (
				7B7660971BD2595A0083EFCF /* EstimoteSDK.framework in Frameworks */,
			);
			runOnlyForDeploymentPostprocessing = 0;
		};
/* End PBXFrameworksBuildPhase section */

/* Begin PBXGroup section */
		7B7660761BD24A5D0083EFCF = {
			isa = PBXGroup;
			children = (
				7B7660941BD24BD90083EFCF /* ObjCHeader */,
				7B7660811BD24A5D0083EFCF /* Airport */,
				7B7660801BD24A5D0083EFCF /* Products */,
				7B7660961BD2595A0083EFCF /* EstimoteSDK.framework */,
			);
			sourceTree = "<group>";
		};
		7B7660801BD24A5D0083EFCF /* Products */ = {
			isa = PBXGroup;
			children = (
				7B76607F1BD24A5D0083EFCF /* Airport.app */,
			);
			name = Products;
			sourceTree = "<group>";
		};
		7B7660811BD24A5D0083EFCF /* Airport */ = {
			isa = PBXGroup;
			children = (
				7B7660821BD24A5D0083EFCF /* AppDelegate.swift */,
				7B7660841BD24A5D0083EFCF /* ViewController.swift */,
				7B7660861BD24A5D0083EFCF /* Main.storyboard */,
				7B7660891BD24A5D0083EFCF /* Assets.xcassets */,
				7B76608B1BD24A5D0083EFCF /* LaunchScreen.storyboard */,
				7B76608E1BD24A5D0083EFCF /* Info.plist */,
			);
			path = Airport;
			sourceTree = "<group>";
		};
		7B7660941BD24BD90083EFCF /* ObjCHeader */ = {
			isa = PBXGroup;
			children = (
				7B7660951BD24C0A0083EFCF /* ObjCBridge.h */,
			);
			name = ObjCHeader;
			sourceTree = "<group>";
		};
/* End PBXGroup section */

/* Begin PBXNativeTarget section */
		7B76607E1BD24A5D0083EFCF /* Airport */ = {
			isa = PBXNativeTarget;
			buildConfigurationList = 7B7660911BD24A5D0083EFCF /* Build configuration list for PBXNativeTarget "Airport" */;
			buildPhases = (
				7B76607B1BD24A5D0083EFCF /* Sources */,
				7B76607C1BD24A5D0083EFCF /* Frameworks */,
				7B76607D1BD24A5D0083EFCF /* Resources */,
			);
			buildRules = (
			);
			dependencies = (
			);
			name = Airport;
			productName = Airport;
			productReference = 7B76607F1BD24A5D0083EFCF /* Airport.app */;
			productType = "com.apple.product-type.application";
		};
/* End PBXNativeTarget section */

/* Begin PBXProject section */
		7B7660771BD24A5D0083EFCF /* Project object */ = {
			isa = PBXProject;
			attributes = {
				LastUpgradeCheck = 0700;
				ORGANIZATIONNAME = "Tian Zhang";
				TargetAttributes = {
					7B76607E1BD24A5D0083EFCF = {
						CreatedOnToolsVersion = 7.0.1;
						DevelopmentTeam = 5XNHYC5VYW;
					};
				};
			};
			buildConfigurationList = 7B76607A1BD24A5D0083EFCF /* Build configuration list for PBXProject "Airport" */;
			compatibilityVersion = "Xcode 3.2";
			developmentRegion = English;
			hasScannedForEncodings = 0;
			knownRegions = (
				en,
				Base,
			);
			mainGroup = 7B7660761BD24A5D0083EFCF;
			productRefGroup = 7B7660801BD24A5D0083EFCF /* Products */;
			projectDirPath = "";
			projectRoot = "";
			targets = (
				7B76607E1BD24A5D0083EFCF /* Airport */,
			);
		};
/* End PBXProject section */

/* Begin PBXResourcesBuildPhase section */
		7B76607D1BD24A5D0083EFCF /* Resources */ = {
			isa = PBXResourcesBuildPhase;
			buildActionMask = 2147483647;
			files = (
				7B76608D1BD24A5D0083EFCF /* LaunchScreen.storyboard in Resources */,
				7B76608A1BD24A5D0083EFCF /* Assets.xcassets in Resources */,
				7B7660881BD24A5D0083EFCF /* Main.storyboard in Resources */,
			);
			runOnlyForDeploymentPostprocessing = 0;
		};
/* End PBXResourcesBuildPhase section */

/* Begin PBXSourcesBuildPhase section */
		7B76607B1BD24A5D0083EFCF /* Sources */ = {
			isa = PBXSourcesBuildPhase;
			buildActionMask = 2147483647;
			files = (
				7B7660851BD24A5D0083EFCF /* ViewController.swift in Sources */,
				7B7660831BD24A5D0083EFCF /* AppDelegate.swift in Sources */,
			);
			runOnlyForDeploymentPostprocessing = 0;
		};
/* End PBXSourcesBuildPhase section */

/* Begin PBXVariantGroup section */
		7B7660861BD24A5D0083EFCF /* Main.storyboard */ = {
			isa = PBXVariantGroup;
			children = (
				7B7660871BD24A5D0083EFCF /* Base */,
			);
			name = Main.storyboard;
			sourceTree = "<group>";
		};
		7B76608B1BD24A5D0083EFCF /* LaunchScreen.storyboard */ = {
			isa = PBXVariantGroup;
			children = (
				7B76608C1BD24A5D0083EFCF /* Base */,
			);
			name = LaunchScreen.storyboard;
			sourceTree = "<group>";
		};
/* End PBXVariantGroup section */

/* Begin XCBuildConfiguration section */
		7B76608F1BD24A5D0083EFCF /* Debug */ = {
			isa = XCBuildConfiguration;
			buildSettings = {
				ALWAYS_SEARCH_USER_PATHS = NO;
				CLANG_CXX_LANGUAGE_STANDARD = "gnu++0x";
				CLANG_CXX_LIBRARY = "libc++";
				CLANG_ENABLE_MODULES = YES;
				CLANG_ENABLE_OBJC_ARC = YES;
				CLANG_WARN_BOOL_CONVERSION = YES;
				CLANG_WARN_CONSTANT_CONVERSION = YES;
				CLANG_WARN_DIRECT_OBJC_ISA_USAGE = YES_ERROR;
				CLANG_WARN_EMPTY_BODY = YES;
				CLANG_WARN_ENUM_CONVERSION = YES;
				CLANG_WARN_INT_CONVERSION = YES;
				CLANG_WARN_OBJC_ROOT_CLASS = YES_ERROR;
				CLANG_WARN_UNREACHABLE_CODE = YES;
				CLANG_WARN__DUPLICATE_METHOD_MATCH = YES;
				"CODE_SIGN_IDENTITY[sdk=iphoneos*]" = "iPhone Developer";
				COPY_PHASE_STRIP = NO;
				DEBUG_INFORMATION_FORMAT = dwarf;
				ENABLE_STRICT_OBJC_MSGSEND = YES;
				ENABLE_TESTABILITY = YES;
				GCC_C_LANGUAGE_STANDARD = gnu99;
				GCC_DYNAMIC_NO_PIC = NO;
				GCC_NO_COMMON_BLOCKS = YES;
				GCC_OPTIMIZATION_LEVEL = 0;
				GCC_PREPROCESSOR_DEFINITIONS = (
					"DEBUG=1",
					"$(inherited)",
				);
				GCC_WARN_64_TO_32_BIT_CONVERSION = YES;
				GCC_WARN_ABOUT_RETURN_TYPE = YES_ERROR;
				GCC_WARN_UNDECLARED_SELECTOR = YES;
				GCC_WARN_UNINITIALIZED_AUTOS = YES_AGGRESSIVE;
				GCC_WARN_UNUSED_FUNCTION = YES;
				GCC_WARN_UNUSED_VARIABLE = YES;
				IPHONEOS_DEPLOYMENT_TARGET = 9.0;
				MTL_ENABLE_DEBUG_INFO = YES;
				ONLY_ACTIVE_ARCH = YES;
				SDKROOT = iphoneos;
				SWIFT_OPTIMIZATION_LEVEL = "-Onone";
			};
			name = Debug;
		};
		7B7660901BD24A5D0083EFCF /* Release */ = {
			isa = XCBuildConfiguration;
			buildSettings = {
				ALWAYS_SEARCH_USER_PATHS = NO;
				CLANG_CXX_LANGUAGE_STANDARD = "gnu++0x";
				CLANG_CXX_LIBRARY = "libc++";
				CLANG_ENABLE_MODULES = YES;
				CLANG_ENABLE_OBJC_ARC = YES;
				CLANG_WARN_BOOL_CONVERSION = YES;
				CLANG_WARN_CONSTANT_CONVERSION = YES;
				CLANG_WARN_DIRECT_OBJC_ISA_USAGE = YES_ERROR;
				CLANG_WARN_EMPTY_BODY = YES;
				CLANG_WARN_ENUM_CONVERSION = YES;
				CLANG_WARN_INT_CONVERSION = YES;
				CLANG_WARN_OBJC_ROOT_CLASS = YES_ERROR;
				CLANG_WARN_UNREACHABLE_CODE = YES;
				CLANG_WARN__DUPLICATE_METHOD_MATCH = YES;
				"CODE_SIGN_IDENTITY[sdk=iphoneos*]" = "iPhone Developer";
				COPY_PHASE_STRIP = NO;
				DEBUG_INFORMATION_FORMAT = "dwarf-with-dsym";
				ENABLE_NS_ASSERTIONS = NO;
				ENABLE_STRICT_OBJC_MSGSEND = YES;
				GCC_C_LANGUAGE_STANDARD = gnu99;
				GCC_NO_COMMON_BLOCKS = YES;
				GCC_WARN_64_TO_32_BIT_CONVERSION = YES;
				GCC_WARN_ABOUT_RETURN_TYPE = YES_ERROR;
				GCC_WARN_UNDECLARED_SELECTOR = YES;
				GCC_WARN_UNINITIALIZED_AUTOS = YES_AGGRESSIVE;
				GCC_WARN_UNUSED_FUNCTION = YES;
				GCC_WARN_UNUSED_VARIABLE = YES;
				IPHONEOS_DEPLOYMENT_TARGET = 9.0;
				MTL_ENABLE_DEBUG_INFO = NO;
				SDKROOT = iphoneos;
				VALIDATE_PRODUCT = YES;
			};
			name = Release;
		};
		7B7660921BD24A5D0083EFCF /* Debug */ = {
			isa = XCBuildConfiguration;
			buildSettings = {
				ASSETCATALOG_COMPILER_APPICON_NAME = AppIcon;
				CODE_SIGN_IDENTITY = "iPhone Developer";
				FRAMEWORK_SEARCH_PATHS = (
					"$(inherited)",
					"$(PROJECT_DIR)",
				);
				INFOPLIST_FILE = Airport/Info.plist;
				LD_RUNPATH_SEARCH_PATHS = "$(inherited) @executable_path/Frameworks";
				PRODUCT_BUNDLE_IDENTIFIER = com.example.Airport;
				PRODUCT_NAME = "$(TARGET_NAME)";
				SWIFT_OBJC_BRIDGING_HEADER = "${PROJECT_NAME}/ObjCBridge.h";
			};
			name = Debug;
		};
		7B7660931BD24A5D0083EFCF /* Release */ = {
			isa = XCBuildConfiguration;
			buildSettings = {
				ASSETCATALOG_COMPILER_APPICON_NAME = AppIcon;
				CODE_SIGN_IDENTITY = "iPhone Developer";
				FRAMEWORK_SEARCH_PATHS = (
					"$(inherited)",
					"$(PROJECT_DIR)",
				);
				INFOPLIST_FILE = Airport/Info.plist;
				LD_RUNPATH_SEARCH_PATHS = "$(inherited) @executable_path/Frameworks";
				PRODUCT_BUNDLE_IDENTIFIER = com.example.Airport;
				PRODUCT_NAME = "$(TARGET_NAME)";
				SWIFT_OBJC_BRIDGING_HEADER = "${PROJECT_NAME}/ObjCBridge.h";
			};
			name = Release;
		};
/* End XCBuildConfiguration section */

/* Begin XCConfigurationList section */
		7B76607A1BD24A5D0083EFCF /* Build configuration list for PBXProject "Airport" */ = {
			isa = XCConfigurationList;
			buildConfigurations = (
				7B76608F1BD24A5D0083EFCF /* Debug */,
				7B7660901BD24A5D0083EFCF /* Release */,
			);
			defaultConfigurationIsVisible = 0;
			defaultConfigurationName = Release;
		};
		7B7660911BD24A5D0083EFCF /* Build configuration list for PBXNativeTarget "Airport" */ = {
			isa = XCConfigurationList;
			buildConfigurations = (
				7B7660921BD24A5D0083EFCF /* Debug */,
				7B7660931BD24A5D0083EFCF /* Release */,
			);
			defaultConfigurationIsVisible = 0;
		};
/* End XCConfigurationList section */
	};
	rootObject = 7B7660771BD24A5D0083EFCF /* Project object */;
}
