// !$*UTF8*$!
{
	archiveVersion = 1;
	classes = {
	};
	objectVersion = 46;
	objects = {

/* Begin PBXBuildFile section */
		7B55CC9C1BB2789A001C0629 /* AppDelegate.swift in Sources */ = {isa = PBXBuildFile; fileRef = 7B55CC9B1BB2789A001C0629 /* AppDelegate.swift */; };
		7B55CC9E1BB2789A001C0629 /* ViewController.swift in Sources */ = {isa = PBXBuildFile; fileRef = 7B55CC9D1BB2789A001C0629 /* ViewController.swift */; };
		7B55CCA11BB2789A001C0629 /* Main.storyboard in Resources */ = {isa = PBXBuildFile; fileRef = 7B55CC9F1BB2789A001C0629 /* Main.storyboard */; };
		7B55CCA31BB2789A001C0629 /* Assets.xcassets in Resources */ = {isa = PBXBuildFile; fileRef = 7B55CCA21BB2789A001C0629 /* Assets.xcassets */; };
		7B55CCA61BB2789A001C0629 /* LaunchScreen.storyboard in Resources */ = {isa = PBXBuildFile; fileRef = 7B55CCA41BB2789A001C0629 /* LaunchScreen.storyboard */; };
		7B55CCB11BB2789A001C0629 /* ChineseZodiacTests.swift in Sources */ = {isa = PBXBuildFile; fileRef = 7B55CCB01BB2789A001C0629 /* ChineseZodiacTests.swift */; };
		7B55CCBC1BB2789A001C0629 /* ChineseZodiacUITests.swift in Sources */ = {isa = PBXBuildFile; fileRef = 7B55CCBB1BB2789A001C0629 /* ChineseZodiacUITests.swift */; };
/* End PBXBuildFile section */

/* Begin PBXContainerItemProxy section */
		7B55CCAD1BB2789A001C0629 /* PBXContainerItemProxy */ = {
			isa = PBXContainerItemProxy;
			containerPortal = 7B55CC901BB2789A001C0629 /* Project object */;
			proxyType = 1;
			remoteGlobalIDString = 7B55CC971BB2789A001C0629;
			remoteInfo = ChineseZodiac;
		};
		7B55CCB81BB2789A001C0629 /* PBXContainerItemProxy */ = {
			isa = PBXContainerItemProxy;
			containerPortal = 7B55CC901BB2789A001C0629 /* Project object */;
			proxyType = 1;
			remoteGlobalIDString = 7B55CC971BB2789A001C0629;
			remoteInfo = ChineseZodiac;
		};
/* End PBXContainerItemProxy section */

/* Begin PBXFileReference section */
		7B55CC981BB2789A001C0629 /* ChineseZodiac.app */ = {isa = PBXFileReference; explicitFileType = wrapper.application; includeInIndex = 0; path = ChineseZodiac.app; sourceTree = BUILT_PRODUCTS_DIR; };
		7B55CC9B1BB2789A001C0629 /* AppDelegate.swift */ = {isa = PBXFileReference; lastKnownFileType = sourcecode.swift; path = AppDelegate.swift; sourceTree = "<group>"; };
		7B55CC9D1BB2789A001C0629 /* ViewController.swift */ = {isa = PBXFileReference; lastKnownFileType = sourcecode.swift; path = ViewController.swift; sourceTree = "<group>"; };
		7B55CCA01BB2789A001C0629 /* Base */ = {isa = PBXFileReference; lastKnownFileType = file.storyboard; name = Base; path = Base.lproj/Main.storyboard; sourceTree = "<group>"; };
		7B55CCA21BB2789A001C0629 /* Assets.xcassets */ = {isa = PBXFileReference; lastKnownFileType = folder.assetcatalog; path = Assets.xcassets; sourceTree = "<group>"; };
		7B55CCA51BB2789A001C0629 /* Base */ = {isa = PBXFileReference; lastKnownFileType = file.storyboard; name = Base; path = Base.lproj/LaunchScreen.storyboard; sourceTree = "<group>"; };
		7B55CCA71BB2789A001C0629 /* Info.plist */ = {isa = PBXFileReference; lastKnownFileType = text.plist.xml; path = Info.plist; sourceTree = "<group>"; };
		7B55CCAC1BB2789A001C0629 /* ChineseZodiacTests.xctest */ = {isa = PBXFileReference; explicitFileType = wrapper.cfbundle; includeInIndex = 0; path = ChineseZodiacTests.xctest; sourceTree = BUILT_PRODUCTS_DIR; };
		7B55CCB01BB2789A001C0629 /* ChineseZodiacTests.swift */ = {isa = PBXFileReference; lastKnownFileType = sourcecode.swift; path = ChineseZodiacTests.swift; sourceTree = "<group>"; };
		7B55CCB21BB2789A001C0629 /* Info.plist */ = {isa = PBXFileReference; lastKnownFileType = text.plist.xml; path = Info.plist; sourceTree = "<group>"; };
		7B55CCB71BB2789A001C0629 /* ChineseZodiacUITests.xctest */ = {isa = PBXFileReference; explicitFileType = wrapper.cfbundle; includeInIndex = 0; path = ChineseZodiacUITests.xctest; sourceTree = BUILT_PRODUCTS_DIR; };
		7B55CCBB1BB2789A001C0629 /* ChineseZodiacUITests.swift */ = {isa = PBXFileReference; lastKnownFileType = sourcecode.swift; path = ChineseZodiacUITests.swift; sourceTree = "<group>"; };
		7B55CCBD1BB2789A001C0629 /* Info.plist */ = {isa = PBXFileReference; lastKnownFileType = text.plist.xml; path = Info.plist; sourceTree = "<group>"; };
		7B70B9551BB2C1C3005BA2F5 /* MyPlayground.playground */ = {isa = PBXFileReference; lastKnownFileType = file.playground; path = MyPlayground.playground; sourceTree = "<group>"; };
/* End PBXFileReference section */

/* Begin PBXFrameworksBuildPhase section */
		7B55CC951BB2789A001C0629 /* Frameworks */ = {
			isa = PBXFrameworksBuildPhase;
			buildActionMask = 2147483647;
			files = (
			);
			runOnlyForDeploymentPostprocessing = 0;
		};
		7B55CCA91BB2789A001C0629 /* Frameworks */ = {
			isa = PBXFrameworksBuildPhase;
			buildActionMask = 2147483647;
			files = (
			);
			runOnlyForDeploymentPostprocessing = 0;
		};
		7B55CCB41BB2789A001C0629 /* Frameworks */ = {
			isa = PBXFrameworksBuildPhase;
			buildActionMask = 2147483647;
			files = (
			);
			runOnlyForDeploymentPostprocessing = 0;
		};
/* End PBXFrameworksBuildPhase section */

/* Begin PBXGroup section */
		7B55CC8F1BB2789A001C0629 = {
			isa = PBXGroup;
			children = (
				7B55CC9A1BB2789A001C0629 /* ChineseZodiac */,
				7B55CCAF1BB2789A001C0629 /* ChineseZodiacTests */,
				7B55CCBA1BB2789A001C0629 /* ChineseZodiacUITests */,
				7B55CC991BB2789A001C0629 /* Products */,
			);
			sourceTree = "<group>";
		};
		7B55CC991BB2789A001C0629 /* Products */ = {
			isa = PBXGroup;
			children = (
				7B55CC981BB2789A001C0629 /* ChineseZodiac.app */,
				7B55CCAC1BB2789A001C0629 /* ChineseZodiacTests.xctest */,
				7B55CCB71BB2789A001C0629 /* ChineseZodiacUITests.xctest */,
			);
			name = Products;
			sourceTree = "<group>";
		};
		7B55CC9A1BB2789A001C0629 /* ChineseZodiac */ = {
			isa = PBXGroup;
			children = (
				7B55CC9B1BB2789A001C0629 /* AppDelegate.swift */,
				7B55CC9D1BB2789A001C0629 /* ViewController.swift */,
				7B55CC9F1BB2789A001C0629 /* Main.storyboard */,
				7B55CCA21BB2789A001C0629 /* Assets.xcassets */,
				7B55CCA41BB2789A001C0629 /* LaunchScreen.storyboard */,
				7B55CCA71BB2789A001C0629 /* Info.plist */,
				7B70B9551BB2C1C3005BA2F5 /* MyPlayground.playground */,
			);
			path = ChineseZodiac;
			sourceTree = "<group>";
		};
		7B55CCAF1BB2789A001C0629 /* ChineseZodiacTests */ = {
			isa = PBXGroup;
			children = (
				7B55CCB01BB2789A001C0629 /* ChineseZodiacTests.swift */,
				7B55CCB21BB2789A001C0629 /* Info.plist */,
			);
			path = ChineseZodiacTests;
			sourceTree = "<group>";
		};
		7B55CCBA1BB2789A001C0629 /* ChineseZodiacUITests */ = {
			isa = PBXGroup;
			children = (
				7B55CCBB1BB2789A001C0629 /* ChineseZodiacUITests.swift */,
				7B55CCBD1BB2789A001C0629 /* Info.plist */,
			);
			path = ChineseZodiacUITests;
			sourceTree = "<group>";
		};
/* End PBXGroup section */

/* Begin PBXNativeTarget section */
		7B55CC971BB2789A001C0629 /* ChineseZodiac */ = {
			isa = PBXNativeTarget;
			buildConfigurationList = 7B55CCC01BB2789A001C0629 /* Build configuration list for PBXNativeTarget "ChineseZodiac" */;
			buildPhases = (
				7B55CC941BB2789A001C0629 /* Sources */,
				7B55CC951BB2789A001C0629 /* Frameworks */,
				7B55CC961BB2789A001C0629 /* Resources */,
			);
			buildRules = (
			);
			dependencies = (
			);
			name = ChineseZodiac;
			productName = ChineseZodiac;
			productReference = 7B55CC981BB2789A001C0629 /* ChineseZodiac.app */;
			productType = "com.apple.product-type.application";
		};
		7B55CCAB1BB2789A001C0629 /* ChineseZodiacTests */ = {
			isa = PBXNativeTarget;
			buildConfigurationList = 7B55CCC31BB2789A001C0629 /* Build configuration list for PBXNativeTarget "ChineseZodiacTests" */;
			buildPhases = (
				7B55CCA81BB2789A001C0629 /* Sources */,
				7B55CCA91BB2789A001C0629 /* Frameworks */,
				7B55CCAA1BB2789A001C0629 /* Resources */,
			);
			buildRules = (
			);
			dependencies = (
				7B55CCAE1BB2789A001C0629 /* PBXTargetDependency */,
			);
			name = ChineseZodiacTests;
			productName = ChineseZodiacTests;
			productReference = 7B55CCAC1BB2789A001C0629 /* ChineseZodiacTests.xctest */;
			productType = "com.apple.product-type.bundle.unit-test";
		};
		7B55CCB61BB2789A001C0629 /* ChineseZodiacUITests */ = {
			isa = PBXNativeTarget;
			buildConfigurationList = 7B55CCC61BB2789A001C0629 /* Build configuration list for PBXNativeTarget "ChineseZodiacUITests" */;
			buildPhases = (
				7B55CCB31BB2789A001C0629 /* Sources */,
				7B55CCB41BB2789A001C0629 /* Frameworks */,
				7B55CCB51BB2789A001C0629 /* Resources */,
			);
			buildRules = (
			);
			dependencies = (
				7B55CCB91BB2789A001C0629 /* PBXTargetDependency */,
			);
			name = ChineseZodiacUITests;
			productName = ChineseZodiacUITests;
			productReference = 7B55CCB71BB2789A001C0629 /* ChineseZodiacUITests.xctest */;
			productType = "com.apple.product-type.bundle.ui-testing";
		};
/* End PBXNativeTarget section */

/* Begin PBXProject section */
		7B55CC901BB2789A001C0629 /* Project object */ = {
			isa = PBXProject;
			attributes = {
				LastUpgradeCheck = 0700;
				ORGANIZATIONNAME = "Tian Zhang";
				TargetAttributes = {
					7B55CC971BB2789A001C0629 = {
						CreatedOnToolsVersion = 7.0;
					};
					7B55CCAB1BB2789A001C0629 = {
						CreatedOnToolsVersion = 7.0;
						TestTargetID = 7B55CC971BB2789A001C0629;
					};
					7B55CCB61BB2789A001C0629 = {
						CreatedOnToolsVersion = 7.0;
						TestTargetID = 7B55CC971BB2789A001C0629;
					};
				};
			};
			buildConfigurationList = 7B55CC931BB2789A001C0629 /* Build configuration list for PBXProject "ChineseZodiac" */;
			compatibilityVersion = "Xcode 3.2";
			developmentRegion = English;
			hasScannedForEncodings = 0;
			knownRegions = (
				en,
				Base,
			);
			mainGroup = 7B55CC8F1BB2789A001C0629;
			productRefGroup = 7B55CC991BB2789A001C0629 /* Products */;
			projectDirPath = "";
			projectRoot = "";
			targets = (
				7B55CC971BB2789A001C0629 /* ChineseZodiac */,
				7B55CCAB1BB2789A001C0629 /* ChineseZodiacTests */,
				7B55CCB61BB2789A001C0629 /* ChineseZodiacUITests */,
			);
		};
/* End PBXProject section */

/* Begin PBXResourcesBuildPhase section */
		7B55CC961BB2789A001C0629 /* Resources */ = {
			isa = PBXResourcesBuildPhase;
			buildActionMask = 2147483647;
			files = (
				7B55CCA61BB2789A001C0629 /* LaunchScreen.storyboard in Resources */,
				7B55CCA31BB2789A001C0629 /* Assets.xcassets in Resources */,
				7B55CCA11BB2789A001C0629 /* Main.storyboard in Resources */,
			);
			runOnlyForDeploymentPostprocessing = 0;
		};
		7B55CCAA1BB2789A001C0629 /* Resources */ = {
			isa = PBXResourcesBuildPhase;
			buildActionMask = 2147483647;
			files = (
			);
			runOnlyForDeploymentPostprocessing = 0;
		};
		7B55CCB51BB2789A001C0629 /* Resources */ = {
			isa = PBXResourcesBuildPhase;
			buildActionMask = 2147483647;
			files = (
			);
			runOnlyForDeploymentPostprocessing = 0;
		};
/* End PBXResourcesBuildPhase section */

/* Begin PBXSourcesBuildPhase section */
		7B55CC941BB2789A001C0629 /* Sources */ = {
			isa = PBXSourcesBuildPhase;
			buildActionMask = 2147483647;
			files = (
				7B55CC9E1BB2789A001C0629 /* ViewController.swift in Sources */,
				7B55CC9C1BB2789A001C0629 /* AppDelegate.swift in Sources */,
			);
			runOnlyForDeploymentPostprocessing = 0;
		};
		7B55CCA81BB2789A001C0629 /* Sources */ = {
			isa = PBXSourcesBuildPhase;
			buildActionMask = 2147483647;
			files = (
				7B55CCB11BB2789A001C0629 /* ChineseZodiacTests.swift in Sources */,
			);
			runOnlyForDeploymentPostprocessing = 0;
		};
		7B55CCB31BB2789A001C0629 /* Sources */ = {
			isa = PBXSourcesBuildPhase;
			buildActionMask = 2147483647;
			files = (
				7B55CCBC1BB2789A001C0629 /* ChineseZodiacUITests.swift in Sources */,
			);
			runOnlyForDeploymentPostprocessing = 0;
		};
/* End PBXSourcesBuildPhase section */

/* Begin PBXTargetDependency section */
		7B55CCAE1BB2789A001C0629 /* PBXTargetDependency */ = {
			isa = PBXTargetDependency;
			target = 7B55CC971BB2789A001C0629 /* ChineseZodiac */;
			targetProxy = 7B55CCAD1BB2789A001C0629 /* PBXContainerItemProxy */;
		};
		7B55CCB91BB2789A001C0629 /* PBXTargetDependency */ = {
			isa = PBXTargetDependency;
			target = 7B55CC971BB2789A001C0629 /* ChineseZodiac */;
			targetProxy = 7B55CCB81BB2789A001C0629 /* PBXContainerItemProxy */;
		};
/* End PBXTargetDependency section */

/* Begin PBXVariantGroup section */
		7B55CC9F1BB2789A001C0629 /* Main.storyboard */ = {
			isa = PBXVariantGroup;
			children = (
				7B55CCA01BB2789A001C0629 /* Base */,
			);
			name = Main.storyboard;
			sourceTree = "<group>";
		};
		7B55CCA41BB2789A001C0629 /* LaunchScreen.storyboard */ = {
			isa = PBXVariantGroup;
			children = (
				7B55CCA51BB2789A001C0629 /* Base */,
			);
			name = LaunchScreen.storyboard;
			sourceTree = "<group>";
		};
/* End PBXVariantGroup section */

/* Begin XCBuildConfiguration section */
		7B55CCBE1BB2789A001C0629 /* Debug */ = {
			isa = XCBuildConfiguration;
			buildSettings = {
				ALWAYS_SEARCH_USER_PATHS = NO;
				CLANG_CXX_LANGUAGE_STANDARD = "gnu++0x";
				CLANG_CXX_LIBRARY = "libc++";
				CLANG_ENABLE_MODULES = YES;
				CLANG_ENABLE_OBJC_ARC = YES;
				CLANG_WARN_BOOL_CONVERSION = YES;
				CLANG_WARN_CONSTANT_CONVERSION = YES;
				CLANG_WARN_DIRECT_OBJC_ISA_USAGE = YES_ERROR;
				CLANG_WARN_EMPTY_BODY = YES;
				CLANG_WARN_ENUM_CONVERSION = YES;
				CLANG_WARN_INT_CONVERSION = YES;
				CLANG_WARN_OBJC_ROOT_CLASS = YES_ERROR;
				CLANG_WARN_UNREACHABLE_CODE = YES;
				CLANG_WARN__DUPLICATE_METHOD_MATCH = YES;
				"CODE_SIGN_IDENTITY[sdk=iphoneos*]" = "iPhone Developer";
				COPY_PHASE_STRIP = NO;
				DEBUG_INFORMATION_FORMAT = dwarf;
				ENABLE_STRICT_OBJC_MSGSEND = YES;
				ENABLE_TESTABILITY = YES;
				GCC_C_LANGUAGE_STANDARD = gnu99;
				GCC_DYNAMIC_NO_PIC = NO;
				GCC_NO_COMMON_BLOCKS = YES;
				GCC_OPTIMIZATION_LEVEL = 0;
				GCC_PREPROCESSOR_DEFINITIONS = (
					"DEBUG=1",
					"$(inherited)",
				);
				GCC_WARN_64_TO_32_BIT_CONVERSION = YES;
				GCC_WARN_ABOUT_RETURN_TYPE = YES_ERROR;
				GCC_WARN_UNDECLARED_SELECTOR = YES;
				GCC_WARN_UNINITIALIZED_AUTOS = YES_AGGRESSIVE;
				GCC_WARN_UNUSED_FUNCTION = YES;
				GCC_WARN_UNUSED_VARIABLE = YES;
				IPHONEOS_DEPLOYMENT_TARGET = 9.0;
				MTL_ENABLE_DEBUG_INFO = YES;
				ONLY_ACTIVE_ARCH = YES;
				SDKROOT = iphoneos;
				SWIFT_OPTIMIZATION_LEVEL = "-Onone";
			};
			name = Debug;
		};
		7B55CCBF1BB2789A001C0629 /* Release */ = {
			isa = XCBuildConfiguration;
			buildSettings = {
				ALWAYS_SEARCH_USER_PATHS = NO;
				CLANG_CXX_LANGUAGE_STANDARD = "gnu++0x";
				CLANG_CXX_LIBRARY = "libc++";
				CLANG_ENABLE_MODULES = YES;
				CLANG_ENABLE_OBJC_ARC = YES;
				CLANG_WARN_BOOL_CONVERSION = YES;
				CLANG_WARN_CONSTANT_CONVERSION = YES;
				CLANG_WARN_DIRECT_OBJC_ISA_USAGE = YES_ERROR;
				CLANG_WARN_EMPTY_BODY = YES;
				CLANG_WARN_ENUM_CONVERSION = YES;
				CLANG_WARN_INT_CONVERSION = YES;
				CLANG_WARN_OBJC_ROOT_CLASS = YES_ERROR;
				CLANG_WARN_UNREACHABLE_CODE = YES;
				CLANG_WARN__DUPLICATE_METHOD_MATCH = YES;
				"CODE_SIGN_IDENTITY[sdk=iphoneos*]" = "iPhone Developer";
				COPY_PHASE_STRIP = NO;
				DEBUG_INFORMATION_FORMAT = "dwarf-with-dsym";
				ENABLE_NS_ASSERTIONS = NO;
				ENABLE_STRICT_OBJC_MSGSEND = YES;
				GCC_C_LANGUAGE_STANDARD = gnu99;
				GCC_NO_COMMON_BLOCKS = YES;
				GCC_WARN_64_TO_32_BIT_CONVERSION = YES;
				GCC_WARN_ABOUT_RETURN_TYPE = YES_ERROR;
				GCC_WARN_UNDECLARED_SELECTOR = YES;
				GCC_WARN_UNINITIALIZED_AUTOS = YES_AGGRESSIVE;
				GCC_WARN_UNUSED_FUNCTION = YES;
				GCC_WARN_UNUSED_VARIABLE = YES;
				IPHONEOS_DEPLOYMENT_TARGET = 9.0;
				MTL_ENABLE_DEBUG_INFO = NO;
				SDKROOT = iphoneos;
				VALIDATE_PRODUCT = YES;
			};
			name = Release;
		};
		7B55CCC11BB2789A001C0629 /* Debug */ = {
			isa = XCBuildConfiguration;
			buildSettings = {
				ASSETCATALOG_COMPILER_APPICON_NAME = AppIcon;
				INFOPLIST_FILE = ChineseZodiac/Info.plist;
				LD_RUNPATH_SEARCH_PATHS = "$(inherited) @executable_path/Frameworks";
				PRODUCT_BUNDLE_IDENTIFIER = com.example.ChineseZodiac;
				PRODUCT_NAME = "$(TARGET_NAME)";
			};
			name = Debug;
		};
		7B55CCC21BB2789A001C0629 /* Release */ = {
			isa = XCBuildConfiguration;
			buildSettings = {
				ASSETCATALOG_COMPILER_APPICON_NAME = AppIcon;
				INFOPLIST_FILE = ChineseZodiac/Info.plist;
				LD_RUNPATH_SEARCH_PATHS = "$(inherited) @executable_path/Frameworks";
				PRODUCT_BUNDLE_IDENTIFIER = com.example.ChineseZodiac;
				PRODUCT_NAME = "$(TARGET_NAME)";
			};
			name = Release;
		};
		7B55CCC41BB2789A001C0629 /* Debug */ = {
			isa = XCBuildConfiguration;
			buildSettings = {
				BUNDLE_LOADER = "$(TEST_HOST)";
				INFOPLIST_FILE = ChineseZodiacTests/Info.plist;
				LD_RUNPATH_SEARCH_PATHS = "$(inherited) @executable_path/Frameworks @loader_path/Frameworks";
				PRODUCT_BUNDLE_IDENTIFIER = com.example.ChineseZodiacTests;
				PRODUCT_NAME = "$(TARGET_NAME)";
				TEST_HOST = "$(BUILT_PRODUCTS_DIR)/ChineseZodiac.app/ChineseZodiac";
			};
			name = Debug;
		};
		7B55CCC51BB2789A001C0629 /* Release */ = {
			isa = XCBuildConfiguration;
			buildSettings = {
				BUNDLE_LOADER = "$(TEST_HOST)";
				INFOPLIST_FILE = ChineseZodiacTests/Info.plist;
				LD_RUNPATH_SEARCH_PATHS = "$(inherited) @executable_path/Frameworks @loader_path/Frameworks";
				PRODUCT_BUNDLE_IDENTIFIER = com.example.ChineseZodiacTests;
				PRODUCT_NAME = "$(TARGET_NAME)";
				TEST_HOST = "$(BUILT_PRODUCTS_DIR)/ChineseZodiac.app/ChineseZodiac";
			};
			name = Release;
		};
		7B55CCC71BB2789A001C0629 /* Debug */ = {
			isa = XCBuildConfiguration;
			buildSettings = {
				INFOPLIST_FILE = ChineseZodiacUITests/Info.plist;
				LD_RUNPATH_SEARCH_PATHS = "$(inherited) @executable_path/Frameworks @loader_path/Frameworks";
				PRODUCT_BUNDLE_IDENTIFIER = com.example.ChineseZodiacUITests;
				PRODUCT_NAME = "$(TARGET_NAME)";
				TEST_TARGET_NAME = ChineseZodiac;
				USES_XCTRUNNER = YES;
			};
			name = Debug;
		};
		7B55CCC81BB2789A001C0629 /* Release */ = {
			isa = XCBuildConfiguration;
			buildSettings = {
				INFOPLIST_FILE = ChineseZodiacUITests/Info.plist;
				LD_RUNPATH_SEARCH_PATHS = "$(inherited) @executable_path/Frameworks @loader_path/Frameworks";
				PRODUCT_BUNDLE_IDENTIFIER = com.example.ChineseZodiacUITests;
				PRODUCT_NAME = "$(TARGET_NAME)";
				TEST_TARGET_NAME = ChineseZodiac;
				USES_XCTRUNNER = YES;
			};
			name = Release;
		};
/* End XCBuildConfiguration section */

/* Begin XCConfigurationList section */
		7B55CC931BB2789A001C0629 /* Build configuration list for PBXProject "ChineseZodiac" */ = {
			isa = XCConfigurationList;
			buildConfigurations = (
				7B55CCBE1BB2789A001C0629 /* Debug */,
				7B55CCBF1BB2789A001C0629 /* Release */,
			);
			defaultConfigurationIsVisible = 0;
			defaultConfigurationName = Release;
		};
		7B55CCC01BB2789A001C0629 /* Build configuration list for PBXNativeTarget "ChineseZodiac" */ = {
			isa = XCConfigurationList;
			buildConfigurations = (
				7B55CCC11BB2789A001C0629 /* Debug */,
				7B55CCC21BB2789A001C0629 /* Release */,
			);
			defaultConfigurationIsVisible = 0;
			defaultConfigurationName = Release;
		};
		7B55CCC31BB2789A001C0629 /* Build configuration list for PBXNativeTarget "ChineseZodiacTests" */ = {
			isa = XCConfigurationList;
			buildConfigurations = (
				7B55CCC41BB2789A001C0629 /* Debug */,
				7B55CCC51BB2789A001C0629 /* Release */,
			);
			defaultConfigurationIsVisible = 0;
			defaultConfigurationName = Release;
		};
		7B55CCC61BB2789A001C0629 /* Build configuration list for PBXNativeTarget "ChineseZodiacUITests" */ = {
			isa = XCConfigurationList;
			buildConfigurations = (
				7B55CCC71BB2789A001C0629 /* Debug */,
				7B55CCC81BB2789A001C0629 /* Release */,
			);
			defaultConfigurationIsVisible = 0;
			defaultConfigurationName = Release;
		};
/* End XCConfigurationList section */
	};
	rootObject = 7B55CC901BB2789A001C0629 /* Project object */;
}
